
Microsoft Visual Studio Solution File, Format Version 12.00
# Visual Studio Version 17
VisualStudioVersion = 17.5.33516.290
MinimumVisualStudioVersion = 10.0.40219.1
Project("{FAE04EC0-301F-11D3-BF4B-00C04F79EFBC}") = "Ex03.GarageLogic", "Ex03_01\Ex03.GarageLogic.csproj", "{1964124E-8600-4332-8B5D-D77A6377B019}"
EndProject
Project("{FAE04EC0-301F-11D3-BF4B-00C04F79EFBC}") = "Ex03.ConsoleUI", "Ex03.ConsoleUI\Ex03.ConsoleUI.csproj", "{30BB48F1-FA31-45AE-927D-6C04B4D58668}"
EndProject
Global
	GlobalSection(SolutionConfigurationPlatforms) = preSolution
		Debug|Any CPU = Debug|Any CPU
		Release|Any CPU = Release|Any CPU
	EndGlobalSection
	GlobalSection(ProjectConfigurationPlatforms) = postSolution
		{1964124E-8600-4332-8B5D-D77A6377B019}.Debug|Any CPU.ActiveCfg = Debug|Any CPU
		{1964124E-8600-4332-8B5D-D77A6377B019}.Debug|Any CPU.Build.0 = Debug|Any CPU
		{1964124E-8600-4332-8B5D-D77A6377B019}.Release|Any CPU.ActiveCfg = Release|Any CPU
		{1964124E-8600-4332-8B5D-D77A6377B019}.Release|Any CPU.Build.0 = Release|Any CPU
		{30BB48F1-FA31-45AE-927D-6C04B4D58668}.Debug|Any CPU.ActiveCfg = Debug|Any CPU
		{30BB48F1-FA31-45AE-927D-6C04B4D58668}.Debug|Any CPU.Build.0 = Debug|Any CPU
		{30BB48F1-FA31-45AE-927D-6C04B4D58668}.Release|Any CPU.ActiveCfg = Release|Any CPU
		{30BB48F1-FA31-45AE-927D-6C04B4D58668}.Release|Any CPU.Build.0 = Release|Any CPU
	EndGlobalSection
	GlobalSection(SolutionProperties) = preSolution
		HideSolutionNode = FALSE
	EndGlobalSection
	GlobalSection(ExtensibilityGlobals) = postSolution
		SolutionGuid = {7272EA7A-4EBB-4E1A-84DD-ACC1106EA025}
	EndGlobalSection
EndGlobal
